{
  "requires": true,
  "lockfileVersion": 1,
  "dependencies": {
    "eleventy": {
      "version": "1.0.6",
      "resolved": "https://registry.npmjs.org/eleventy/-/eleventy-1.0.6.tgz",
      "integrity": "sha512-IzaPK0P5eF/jm5qdOzrzq2947FFRKpZwHT8AR1WpGI4tTpkLnzwQF02p9m0o5XQQ4dypBExp69fUHViEiHUWpQ==",
      "dev": true
    }
  }
}
